
Microsoft Visual Studio Solution File, Format Version 12.00
Project("{2150E333-8FDC-42A3-9474-1A3956D46DE8}") = "01.ServiceStack", "01.ServiceStack", "{08476C9A-5BF6-4A3A-B25B-5FC4373CA844}"
EndProject
Project("{2150E333-8FDC-42A3-9474-1A3956D46DE8}") = "02.Serivce", "02.Serivce", "{A6D6BAEF-621D-4100-9DC4-6B568C1D5F4D}"
EndProject
Project("{2150E333-8FDC-42A3-9474-1A3956D46DE8}") = "03.Presentation", "03.Presentation", "{A66AAE92-1478-489F-ABF1-FCD637555A45}"
EndProject
Project("{FAE04EC0-301F-11D3-BF4B-00C04F79EFBC}") = "JServiceStack", "01.ServiceStack\JServiceStack\JServiceStack.csproj", "{62C524BD-BE48-44B8-83C4-4EE8BB645F7A}"
EndProject
Project("{FAE04EC0-301F-11D3-BF4B-00C04F79EFBC}") = "JServiceStack.Web", "01.ServiceStack\JServiceStack.Web\JServiceStack.Web.csproj", "{A4535323-1745-4357-8D68-59024720B7CF}"
EndProject
Project("{2150E333-8FDC-42A3-9474-1A3956D46DE8}") = "AccountService", "AccountService", "{4E1A9933-9294-4720-8C20-267DC56BADD1}"
EndProject
Project("{2150E333-8FDC-42A3-9474-1A3956D46DE8}") = "WeatherForecastService", "WeatherForecastService", "{536D67B5-8379-4A54-B582-073FBCD47BD3}"
EndProject
Project("{FAE04EC0-301F-11D3-BF4B-00C04F79EFBC}") = "JWebApiServer", "03.Presentation\JWebApiServer\JWebApiServer.csproj", "{D1898DEA-EBAB-4925-929F-B2BE9A4B8589}"
EndProject
Project("{FAE04EC0-301F-11D3-BF4B-00C04F79EFBC}") = "eXtensionSharp", "..\eXtensionSharp\src\eXtensionSharp.csproj", "{84D917A4-CBFC-4E20-AD6E-2FC33384162B}"
EndProject
Project("{2150E333-8FDC-42A3-9474-1A3956D46DE8}") = "04.ServiceInfra", "04.ServiceInfra", "{877A1D50-1E62-4C1F-9AE3-E61A874F06E6}"
EndProject
Project("{FAE04EC0-301F-11D3-BF4B-00C04F79EFBC}") = "ConfigBuilder", "04.ServiceInfra\ConfigBuilder\ConfigBuilder.csproj", "{24EBC121-1C7D-4077-8923-5B8BF9FD161D}"
EndProject
Project("{FAE04EC0-301F-11D3-BF4B-00C04F79EFBC}") = "ServiceBuilder", "04.ServiceInfra\ServiceBuilder\ServiceBuilder.csproj", "{90EBCE89-82F0-4DA0-90B6-1B73C88BBBAA}"
EndProject
Project("{FAE04EC0-301F-11D3-BF4B-00C04F79EFBC}") = "AccountService.Test", "02.Service\AccountService\AccountService.Test\AccountService.Test.csproj", "{808AFEB4-E3C2-4E05-900A-8FA55884E18C}"
EndProject
Project("{FAE04EC0-301F-11D3-BF4B-00C04F79EFBC}") = "AccountService.Application", "02.Service\AccountService\AccountService.Application\AccountService.Application.csproj", "{44C46CCE-43B3-45B8-AF6E-42FF1F846EB7}"
EndProject
Project("{FAE04EC0-301F-11D3-BF4B-00C04F79EFBC}") = "AccountService.Contract", "02.Service\AccountService\AccountService.Contract\AccountService.Contract.csproj", "{0E666626-89BD-4F7F-BE17-6517D1AAF208}"
EndProject
Project("{FAE04EC0-301F-11D3-BF4B-00C04F79EFBC}") = "AccountService.Implement", "02.Service\AccountService\AccountService.Implement\AccountService.Implement.csproj", "{24355A99-5BB7-4980-B2DA-C91893527A98}"
EndProject
Project("{FAE04EC0-301F-11D3-BF4B-00C04F79EFBC}") = "WeatherForcastService.Application", "02.Service\WeatherForcastService\WeatherForcastService.Application\WeatherForcastService.Application.csproj", "{28B70668-0811-4326-99D5-3196A3146A78}"
EndProject
Project("{FAE04EC0-301F-11D3-BF4B-00C04F79EFBC}") = "WeatherForecastService.Contract", "02.Service\WeatherForcastService\WeatherForecastService.Contract\WeatherForecastService.Contract.csproj", "{D57EF771-7791-46F3-B3A3-06B167AAB7A6}"
EndProject
Project("{FAE04EC0-301F-11D3-BF4B-00C04F79EFBC}") = "WeatherForecastService.Implement", "02.Service\WeatherForcastService\WeatherForecastService.Implement\WeatherForecastService.Implement.csproj", "{BB0CEBBD-6E5B-4EAA-B171-4B1CF76149B8}"
EndProject
Project("{FAE04EC0-301F-11D3-BF4B-00C04F79EFBC}") = "Service.Test", "03.Presentation\Service.Test\Service.Test.csproj", "{F30E4E3D-6FEE-463D-9ACB-5D3B7D32973E}"
EndProject
Global
	GlobalSection(SolutionConfigurationPlatforms) = preSolution
		Debug|Any CPU = Debug|Any CPU
		Release|Any CPU = Release|Any CPU
	EndGlobalSection
	GlobalSection(ProjectConfigurationPlatforms) = postSolution
		{62C524BD-BE48-44B8-83C4-4EE8BB645F7A}.Debug|Any CPU.ActiveCfg = Debug|Any CPU
		{62C524BD-BE48-44B8-83C4-4EE8BB645F7A}.Debug|Any CPU.Build.0 = Debug|Any CPU
		{62C524BD-BE48-44B8-83C4-4EE8BB645F7A}.Release|Any CPU.ActiveCfg = Release|Any CPU
		{62C524BD-BE48-44B8-83C4-4EE8BB645F7A}.Release|Any CPU.Build.0 = Release|Any CPU
		{A4535323-1745-4357-8D68-59024720B7CF}.Debug|Any CPU.ActiveCfg = Debug|Any CPU
		{A4535323-1745-4357-8D68-59024720B7CF}.Debug|Any CPU.Build.0 = Debug|Any CPU
		{A4535323-1745-4357-8D68-59024720B7CF}.Release|Any CPU.ActiveCfg = Release|Any CPU
		{A4535323-1745-4357-8D68-59024720B7CF}.Release|Any CPU.Build.0 = Release|Any CPU
		{D1898DEA-EBAB-4925-929F-B2BE9A4B8589}.Debug|Any CPU.ActiveCfg = Debug|Any CPU
		{D1898DEA-EBAB-4925-929F-B2BE9A4B8589}.Debug|Any CPU.Build.0 = Debug|Any CPU
		{D1898DEA-EBAB-4925-929F-B2BE9A4B8589}.Release|Any CPU.ActiveCfg = Release|Any CPU
		{D1898DEA-EBAB-4925-929F-B2BE9A4B8589}.Release|Any CPU.Build.0 = Release|Any CPU
		{84D917A4-CBFC-4E20-AD6E-2FC33384162B}.Debug|Any CPU.ActiveCfg = Debug|Any CPU
		{84D917A4-CBFC-4E20-AD6E-2FC33384162B}.Debug|Any CPU.Build.0 = Debug|Any CPU
		{84D917A4-CBFC-4E20-AD6E-2FC33384162B}.Release|Any CPU.ActiveCfg = Release|Any CPU
		{84D917A4-CBFC-4E20-AD6E-2FC33384162B}.Release|Any CPU.Build.0 = Release|Any CPU
		{24EBC121-1C7D-4077-8923-5B8BF9FD161D}.Debug|Any CPU.ActiveCfg = Debug|Any CPU
		{24EBC121-1C7D-4077-8923-5B8BF9FD161D}.Debug|Any CPU.Build.0 = Debug|Any CPU
		{24EBC121-1C7D-4077-8923-5B8BF9FD161D}.Release|Any CPU.ActiveCfg = Release|Any CPU
		{24EBC121-1C7D-4077-8923-5B8BF9FD161D}.Release|Any CPU.Build.0 = Release|Any CPU
		{90EBCE89-82F0-4DA0-90B6-1B73C88BBBAA}.Debug|Any CPU.ActiveCfg = Debug|Any CPU
		{90EBCE89-82F0-4DA0-90B6-1B73C88BBBAA}.Debug|Any CPU.Build.0 = Debug|Any CPU
		{90EBCE89-82F0-4DA0-90B6-1B73C88BBBAA}.Release|Any CPU.ActiveCfg = Release|Any CPU
		{90EBCE89-82F0-4DA0-90B6-1B73C88BBBAA}.Release|Any CPU.Build.0 = Release|Any CPU
		{808AFEB4-E3C2-4E05-900A-8FA55884E18C}.Debug|Any CPU.ActiveCfg = Debug|Any CPU
		{808AFEB4-E3C2-4E05-900A-8FA55884E18C}.Debug|Any CPU.Build.0 = Debug|Any CPU
		{808AFEB4-E3C2-4E05-900A-8FA55884E18C}.Release|Any CPU.ActiveCfg = Release|Any CPU
		{808AFEB4-E3C2-4E05-900A-8FA55884E18C}.Release|Any CPU.Build.0 = Release|Any CPU
		{44C46CCE-43B3-45B8-AF6E-42FF1F846EB7}.Debug|Any CPU.ActiveCfg = Debug|Any CPU
		{44C46CCE-43B3-45B8-AF6E-42FF1F846EB7}.Debug|Any CPU.Build.0 = Debug|Any CPU
		{44C46CCE-43B3-45B8-AF6E-42FF1F846EB7}.Release|Any CPU.ActiveCfg = Release|Any CPU
		{44C46CCE-43B3-45B8-AF6E-42FF1F846EB7}.Release|Any CPU.Build.0 = Release|Any CPU
		{0E666626-89BD-4F7F-BE17-6517D1AAF208}.Debug|Any CPU.ActiveCfg = Debug|Any CPU
		{0E666626-89BD-4F7F-BE17-6517D1AAF208}.Debug|Any CPU.Build.0 = Debug|Any CPU
		{0E666626-89BD-4F7F-BE17-6517D1AAF208}.Release|Any CPU.ActiveCfg = Release|Any CPU
		{0E666626-89BD-4F7F-BE17-6517D1AAF208}.Release|Any CPU.Build.0 = Release|Any CPU
		{24355A99-5BB7-4980-B2DA-C91893527A98}.Debug|Any CPU.ActiveCfg = Debug|Any CPU
		{24355A99-5BB7-4980-B2DA-C91893527A98}.Debug|Any CPU.Build.0 = Debug|Any CPU
		{24355A99-5BB7-4980-B2DA-C91893527A98}.Release|Any CPU.ActiveCfg = Release|Any CPU
		{24355A99-5BB7-4980-B2DA-C91893527A98}.Release|Any CPU.Build.0 = Release|Any CPU
		{28B70668-0811-4326-99D5-3196A3146A78}.Debug|Any CPU.ActiveCfg = Debug|Any CPU
		{28B70668-0811-4326-99D5-3196A3146A78}.Debug|Any CPU.Build.0 = Debug|Any CPU
		{28B70668-0811-4326-99D5-3196A3146A78}.Release|Any CPU.ActiveCfg = Release|Any CPU
		{28B70668-0811-4326-99D5-3196A3146A78}.Release|Any CPU.Build.0 = Release|Any CPU
		{D57EF771-7791-46F3-B3A3-06B167AAB7A6}.Debug|Any CPU.ActiveCfg = Debug|Any CPU
		{D57EF771-7791-46F3-B3A3-06B167AAB7A6}.Debug|Any CPU.Build.0 = Debug|Any CPU
		{D57EF771-7791-46F3-B3A3-06B167AAB7A6}.Release|Any CPU.ActiveCfg = Release|Any CPU
		{D57EF771-7791-46F3-B3A3-06B167AAB7A6}.Release|Any CPU.Build.0 = Release|Any CPU
		{BB0CEBBD-6E5B-4EAA-B171-4B1CF76149B8}.Debug|Any CPU.ActiveCfg = Debug|Any CPU
		{BB0CEBBD-6E5B-4EAA-B171-4B1CF76149B8}.Debug|Any CPU.Build.0 = Debug|Any CPU
		{BB0CEBBD-6E5B-4EAA-B171-4B1CF76149B8}.Release|Any CPU.ActiveCfg = Release|Any CPU
		{BB0CEBBD-6E5B-4EAA-B171-4B1CF76149B8}.Release|Any CPU.Build.0 = Release|Any CPU
		{F30E4E3D-6FEE-463D-9ACB-5D3B7D32973E}.Debug|Any CPU.ActiveCfg = Debug|Any CPU
		{F30E4E3D-6FEE-463D-9ACB-5D3B7D32973E}.Debug|Any CPU.Build.0 = Debug|Any CPU
		{F30E4E3D-6FEE-463D-9ACB-5D3B7D32973E}.Release|Any CPU.ActiveCfg = Release|Any CPU
		{F30E4E3D-6FEE-463D-9ACB-5D3B7D32973E}.Release|Any CPU.Build.0 = Release|Any CPU
	EndGlobalSection
	GlobalSection(NestedProjects) = preSolution
		{62C524BD-BE48-44B8-83C4-4EE8BB645F7A} = {08476C9A-5BF6-4A3A-B25B-5FC4373CA844}
		{A4535323-1745-4357-8D68-59024720B7CF} = {08476C9A-5BF6-4A3A-B25B-5FC4373CA844}
		{4E1A9933-9294-4720-8C20-267DC56BADD1} = {A6D6BAEF-621D-4100-9DC4-6B568C1D5F4D}
		{536D67B5-8379-4A54-B582-073FBCD47BD3} = {A6D6BAEF-621D-4100-9DC4-6B568C1D5F4D}
		{D1898DEA-EBAB-4925-929F-B2BE9A4B8589} = {A66AAE92-1478-489F-ABF1-FCD637555A45}
		{84D917A4-CBFC-4E20-AD6E-2FC33384162B} = {08476C9A-5BF6-4A3A-B25B-5FC4373CA844}
		{24EBC121-1C7D-4077-8923-5B8BF9FD161D} = {877A1D50-1E62-4C1F-9AE3-E61A874F06E6}
		{90EBCE89-82F0-4DA0-90B6-1B73C88BBBAA} = {877A1D50-1E62-4C1F-9AE3-E61A874F06E6}
		{808AFEB4-E3C2-4E05-900A-8FA55884E18C} = {4E1A9933-9294-4720-8C20-267DC56BADD1}
		{44C46CCE-43B3-45B8-AF6E-42FF1F846EB7} = {4E1A9933-9294-4720-8C20-267DC56BADD1}
		{0E666626-89BD-4F7F-BE17-6517D1AAF208} = {4E1A9933-9294-4720-8C20-267DC56BADD1}
		{24355A99-5BB7-4980-B2DA-C91893527A98} = {4E1A9933-9294-4720-8C20-267DC56BADD1}
		{28B70668-0811-4326-99D5-3196A3146A78} = {536D67B5-8379-4A54-B582-073FBCD47BD3}
		{D57EF771-7791-46F3-B3A3-06B167AAB7A6} = {536D67B5-8379-4A54-B582-073FBCD47BD3}
		{BB0CEBBD-6E5B-4EAA-B171-4B1CF76149B8} = {536D67B5-8379-4A54-B582-073FBCD47BD3}
		{F30E4E3D-6FEE-463D-9ACB-5D3B7D32973E} = {A66AAE92-1478-489F-ABF1-FCD637555A45}
	EndGlobalSection
EndGlobal
