
Microsoft Visual Studio Solution File, Format Version 12.00
Project("{2150E333-8FDC-42A3-9474-1A3956D46DE8}") = "01.ServiceStack", "01.ServiceStack", "{08476C9A-5BF6-4A3A-B25B-5FC4373CA844}"
EndProject
Project("{2150E333-8FDC-42A3-9474-1A3956D46DE8}") = "02.Serivce", "02.Serivce", "{A6D6BAEF-621D-4100-9DC4-6B568C1D5F4D}"
EndProject
Project("{2150E333-8FDC-42A3-9474-1A3956D46DE8}") = "03.Presentation", "03.Presentation", "{A66AAE92-1478-489F-ABF1-FCD637555A45}"
EndProject
Project("{FAE04EC0-301F-11D3-BF4B-00C04F79EFBC}") = "WeatherForecastService.Implement", "02.Service\WeatherForecastService.Implement\WeatherForecastService.Implement.csproj", "{82436B25-2FA7-48BD-B3ED-9AA204478DD8}"
EndProject
Project("{FAE04EC0-301F-11D3-BF4B-00C04F79EFBC}") = "AccountService.Implement", "02.Service\AccountService.Implement\AccountService.Implement.csproj", "{F32FBDA8-CCFD-4F56-ADBB-6D491A1C738E}"
EndProject
Project("{FAE04EC0-301F-11D3-BF4B-00C04F79EFBC}") = "JServiceStack", "01.ServiceStack\JServiceStack\JServiceStack.csproj", "{62C524BD-BE48-44B8-83C4-4EE8BB645F7A}"
EndProject
Project("{FAE04EC0-301F-11D3-BF4B-00C04F79EFBC}") = "JServiceStack.Web", "01.ServiceStack\JServiceStack.Web\JServiceStack.Web.csproj", "{A4535323-1745-4357-8D68-59024720B7CF}"
EndProject
Project("{2150E333-8FDC-42A3-9474-1A3956D46DE8}") = "Account", "Account", "{4E1A9933-9294-4720-8C20-267DC56BADD1}"
EndProject
Project("{2150E333-8FDC-42A3-9474-1A3956D46DE8}") = "WeatherForecast", "WeatherForecast", "{536D67B5-8379-4A54-B582-073FBCD47BD3}"
EndProject
Project("{FAE04EC0-301F-11D3-BF4B-00C04F79EFBC}") = "AccountService.Contract", "02.Service\AccountService.Contract\AccountService.Contract.csproj", "{87579CFB-2CDE-4B4A-AACE-A57593ABA9BD}"
EndProject
Project("{FAE04EC0-301F-11D3-BF4B-00C04F79EFBC}") = "WeatherForecastService.Contract", "02.Service\WeatherForecastService.Contract\WeatherForecastService.Contract.csproj", "{AAA4EF25-F561-49B5-823E-72C896837F2F}"
EndProject
Project("{FAE04EC0-301F-11D3-BF4B-00C04F79EFBC}") = "AccountService.Application", "02.Service\AccountService.Application\AccountService.Application.csproj", "{CC23C8EC-01DC-4A4E-BF86-4740A7AEAF38}"
EndProject
Project("{FAE04EC0-301F-11D3-BF4B-00C04F79EFBC}") = "WeatherForcastService.Application", "02.Service\WeatherForcastService.Application\WeatherForcastService.Application.csproj", "{58E53148-94B7-40F7-A9F5-2238817CF7D7}"
EndProject
Project("{FAE04EC0-301F-11D3-BF4B-00C04F79EFBC}") = "JWebApiServer", "03.Presentation\JWebApiServer\JWebApiServer.csproj", "{D1898DEA-EBAB-4925-929F-B2BE9A4B8589}"
EndProject
Project("{FAE04EC0-301F-11D3-BF4B-00C04F79EFBC}") = "eXtensionSharp", "..\eXtensionSharp\src\eXtensionSharp.csproj", "{84D917A4-CBFC-4E20-AD6E-2FC33384162B}"
EndProject
Global
	GlobalSection(SolutionConfigurationPlatforms) = preSolution
		Debug|Any CPU = Debug|Any CPU
		Release|Any CPU = Release|Any CPU
	EndGlobalSection
	GlobalSection(ProjectConfigurationPlatforms) = postSolution
		{82436B25-2FA7-48BD-B3ED-9AA204478DD8}.Debug|Any CPU.ActiveCfg = Debug|Any CPU
		{82436B25-2FA7-48BD-B3ED-9AA204478DD8}.Debug|Any CPU.Build.0 = Debug|Any CPU
		{82436B25-2FA7-48BD-B3ED-9AA204478DD8}.Release|Any CPU.ActiveCfg = Release|Any CPU
		{82436B25-2FA7-48BD-B3ED-9AA204478DD8}.Release|Any CPU.Build.0 = Release|Any CPU
		{F32FBDA8-CCFD-4F56-ADBB-6D491A1C738E}.Debug|Any CPU.ActiveCfg = Debug|Any CPU
		{F32FBDA8-CCFD-4F56-ADBB-6D491A1C738E}.Debug|Any CPU.Build.0 = Debug|Any CPU
		{F32FBDA8-CCFD-4F56-ADBB-6D491A1C738E}.Release|Any CPU.ActiveCfg = Release|Any CPU
		{F32FBDA8-CCFD-4F56-ADBB-6D491A1C738E}.Release|Any CPU.Build.0 = Release|Any CPU
		{62C524BD-BE48-44B8-83C4-4EE8BB645F7A}.Debug|Any CPU.ActiveCfg = Debug|Any CPU
		{62C524BD-BE48-44B8-83C4-4EE8BB645F7A}.Debug|Any CPU.Build.0 = Debug|Any CPU
		{62C524BD-BE48-44B8-83C4-4EE8BB645F7A}.Release|Any CPU.ActiveCfg = Release|Any CPU
		{62C524BD-BE48-44B8-83C4-4EE8BB645F7A}.Release|Any CPU.Build.0 = Release|Any CPU
		{A4535323-1745-4357-8D68-59024720B7CF}.Debug|Any CPU.ActiveCfg = Debug|Any CPU
		{A4535323-1745-4357-8D68-59024720B7CF}.Debug|Any CPU.Build.0 = Debug|Any CPU
		{A4535323-1745-4357-8D68-59024720B7CF}.Release|Any CPU.ActiveCfg = Release|Any CPU
		{A4535323-1745-4357-8D68-59024720B7CF}.Release|Any CPU.Build.0 = Release|Any CPU
		{87579CFB-2CDE-4B4A-AACE-A57593ABA9BD}.Debug|Any CPU.ActiveCfg = Debug|Any CPU
		{87579CFB-2CDE-4B4A-AACE-A57593ABA9BD}.Debug|Any CPU.Build.0 = Debug|Any CPU
		{87579CFB-2CDE-4B4A-AACE-A57593ABA9BD}.Release|Any CPU.ActiveCfg = Release|Any CPU
		{87579CFB-2CDE-4B4A-AACE-A57593ABA9BD}.Release|Any CPU.Build.0 = Release|Any CPU
		{AAA4EF25-F561-49B5-823E-72C896837F2F}.Debug|Any CPU.ActiveCfg = Debug|Any CPU
		{AAA4EF25-F561-49B5-823E-72C896837F2F}.Debug|Any CPU.Build.0 = Debug|Any CPU
		{AAA4EF25-F561-49B5-823E-72C896837F2F}.Release|Any CPU.ActiveCfg = Release|Any CPU
		{AAA4EF25-F561-49B5-823E-72C896837F2F}.Release|Any CPU.Build.0 = Release|Any CPU
		{CC23C8EC-01DC-4A4E-BF86-4740A7AEAF38}.Debug|Any CPU.ActiveCfg = Debug|Any CPU
		{CC23C8EC-01DC-4A4E-BF86-4740A7AEAF38}.Debug|Any CPU.Build.0 = Debug|Any CPU
		{CC23C8EC-01DC-4A4E-BF86-4740A7AEAF38}.Release|Any CPU.ActiveCfg = Release|Any CPU
		{CC23C8EC-01DC-4A4E-BF86-4740A7AEAF38}.Release|Any CPU.Build.0 = Release|Any CPU
		{58E53148-94B7-40F7-A9F5-2238817CF7D7}.Debug|Any CPU.ActiveCfg = Debug|Any CPU
		{58E53148-94B7-40F7-A9F5-2238817CF7D7}.Debug|Any CPU.Build.0 = Debug|Any CPU
		{58E53148-94B7-40F7-A9F5-2238817CF7D7}.Release|Any CPU.ActiveCfg = Release|Any CPU
		{58E53148-94B7-40F7-A9F5-2238817CF7D7}.Release|Any CPU.Build.0 = Release|Any CPU
		{D1898DEA-EBAB-4925-929F-B2BE9A4B8589}.Debug|Any CPU.ActiveCfg = Debug|Any CPU
		{D1898DEA-EBAB-4925-929F-B2BE9A4B8589}.Debug|Any CPU.Build.0 = Debug|Any CPU
		{D1898DEA-EBAB-4925-929F-B2BE9A4B8589}.Release|Any CPU.ActiveCfg = Release|Any CPU
		{D1898DEA-EBAB-4925-929F-B2BE9A4B8589}.Release|Any CPU.Build.0 = Release|Any CPU
		{84D917A4-CBFC-4E20-AD6E-2FC33384162B}.Debug|Any CPU.ActiveCfg = Debug|Any CPU
		{84D917A4-CBFC-4E20-AD6E-2FC33384162B}.Debug|Any CPU.Build.0 = Debug|Any CPU
		{84D917A4-CBFC-4E20-AD6E-2FC33384162B}.Release|Any CPU.ActiveCfg = Release|Any CPU
		{84D917A4-CBFC-4E20-AD6E-2FC33384162B}.Release|Any CPU.Build.0 = Release|Any CPU
	EndGlobalSection
	GlobalSection(NestedProjects) = preSolution
		{62C524BD-BE48-44B8-83C4-4EE8BB645F7A} = {08476C9A-5BF6-4A3A-B25B-5FC4373CA844}
		{A4535323-1745-4357-8D68-59024720B7CF} = {08476C9A-5BF6-4A3A-B25B-5FC4373CA844}
		{4E1A9933-9294-4720-8C20-267DC56BADD1} = {A6D6BAEF-621D-4100-9DC4-6B568C1D5F4D}
		{F32FBDA8-CCFD-4F56-ADBB-6D491A1C738E} = {4E1A9933-9294-4720-8C20-267DC56BADD1}
		{536D67B5-8379-4A54-B582-073FBCD47BD3} = {A6D6BAEF-621D-4100-9DC4-6B568C1D5F4D}
		{82436B25-2FA7-48BD-B3ED-9AA204478DD8} = {536D67B5-8379-4A54-B582-073FBCD47BD3}
		{87579CFB-2CDE-4B4A-AACE-A57593ABA9BD} = {4E1A9933-9294-4720-8C20-267DC56BADD1}
		{AAA4EF25-F561-49B5-823E-72C896837F2F} = {536D67B5-8379-4A54-B582-073FBCD47BD3}
		{CC23C8EC-01DC-4A4E-BF86-4740A7AEAF38} = {4E1A9933-9294-4720-8C20-267DC56BADD1}
		{58E53148-94B7-40F7-A9F5-2238817CF7D7} = {536D67B5-8379-4A54-B582-073FBCD47BD3}
		{D1898DEA-EBAB-4925-929F-B2BE9A4B8589} = {A66AAE92-1478-489F-ABF1-FCD637555A45}
		{84D917A4-CBFC-4E20-AD6E-2FC33384162B} = {08476C9A-5BF6-4A3A-B25B-5FC4373CA844}
	EndGlobalSection
EndGlobal
