
Microsoft Visual Studio Solution File, Format Version 12.00
Project("{2150E333-8FDC-42A3-9474-1A3956D46DE8}") = "01.ServiceStack", "01.ServiceStack", "{08476C9A-5BF6-4A3A-B25B-5FC4373CA844}"
EndProject
Project("{2150E333-8FDC-42A3-9474-1A3956D46DE8}") = "02.Serivce", "02.Serivce", "{A6D6BAEF-621D-4100-9DC4-6B568C1D5F4D}"
EndProject
Project("{2150E333-8FDC-42A3-9474-1A3956D46DE8}") = "03.Presentation", "03.Presentation", "{A66AAE92-1478-489F-ABF1-FCD637555A45}"
EndProject
Project("{FAE04EC0-301F-11D3-BF4B-00C04F79EFBC}") = "JServiceStack", "01.ServiceStack\JServiceStack\JServiceStack.csproj", "{62C524BD-BE48-44B8-83C4-4EE8BB645F7A}"
EndProject
Project("{FAE04EC0-301F-11D3-BF4B-00C04F79EFBC}") = "JServiceStack.Web", "01.ServiceStack\JServiceStack.Web\JServiceStack.Web.csproj", "{A4535323-1745-4357-8D68-59024720B7CF}"
EndProject
Project("{2150E333-8FDC-42A3-9474-1A3956D46DE8}") = "Account", "Account", "{4E1A9933-9294-4720-8C20-267DC56BADD1}"
EndProject
Project("{2150E333-8FDC-42A3-9474-1A3956D46DE8}") = "WeatherForecast", "WeatherForecast", "{536D67B5-8379-4A54-B582-073FBCD47BD3}"
EndProject
Project("{FAE04EC0-301F-11D3-BF4B-00C04F79EFBC}") = "JWebApiServer", "03.Presentation\JWebApiServer\JWebApiServer.csproj", "{D1898DEA-EBAB-4925-929F-B2BE9A4B8589}"
EndProject
Project("{FAE04EC0-301F-11D3-BF4B-00C04F79EFBC}") = "eXtensionSharp", "..\eXtensionSharp\src\eXtensionSharp.csproj", "{84D917A4-CBFC-4E20-AD6E-2FC33384162B}"
EndProject
Project("{FAE04EC0-301F-11D3-BF4B-00C04F79EFBC}") = "AccountService.Application", "02.Service\AccountService\AccountService.Application\AccountService.Application.csproj", "{ED5BE391-37D2-4B89-861C-92EBFC259C09}"
EndProject
Project("{FAE04EC0-301F-11D3-BF4B-00C04F79EFBC}") = "AccountService.Contract", "02.Service\AccountService\AccountService.Contract\AccountService.Contract.csproj", "{BA2583FE-F94A-4E35-860D-7CB783A52835}"
EndProject
Project("{FAE04EC0-301F-11D3-BF4B-00C04F79EFBC}") = "AccountService.Implement", "02.Service\AccountService\AccountService.Implement\AccountService.Implement.csproj", "{D3289D94-A57A-4ECD-85F0-F1976E1C7D55}"
EndProject
Project("{FAE04EC0-301F-11D3-BF4B-00C04F79EFBC}") = "AccountService.Test", "02.Service\AccountService\AccountService.Test\AccountService.Test.csproj", "{4631505D-3F17-43B0-BAC1-A1124D0E6FE2}"
EndProject
Project("{FAE04EC0-301F-11D3-BF4B-00C04F79EFBC}") = "WeatherForecastService.Application", "02.Service\WeatherForcastService\WeatherForecastService.Application\WeatherForecastService.Application.csproj", "{2AC47215-AE5B-4EE3-AB3E-A01F736B5B5A}"
EndProject
Project("{FAE04EC0-301F-11D3-BF4B-00C04F79EFBC}") = "WeatherForecastService.Contract", "02.Service\WeatherForcastService\WeatherForecastService.Contract\WeatherForecastService.Contract.csproj", "{36B9018C-7287-4EC8-A1A3-D89E0300B10C}"
EndProject
Project("{FAE04EC0-301F-11D3-BF4B-00C04F79EFBC}") = "WeatherForecastService.Implement", "02.Service\WeatherForcastService\WeatherForecastService.Implement\WeatherForecastService.Implement.csproj", "{CA00A2F1-C175-4E77-BDBB-FDE00573FC02}"
EndProject
Project("{FAE04EC0-301F-11D3-BF4B-00C04F79EFBC}") = "JServiceStack.Test", "01.ServiceStack\JServiceStack.Test\JServiceStack.Test.csproj", "{69A75793-C031-4087-A110-A742D03A86D6}"
EndProject
Project("{2150E333-8FDC-42A3-9474-1A3956D46DE8}") = "04.ServiceInfra", "04.ServiceInfra", "{28F82E89-E120-4D6D-91B9-79A512AAEC00}"
EndProject
Project("{2150E333-8FDC-42A3-9474-1A3956D46DE8}") = "05.ServiceModule", "05.ServiceModule", "{09989953-2D2E-4F89-AFDC-2DD71EE4DEDB}"
EndProject
Project("{FAE04EC0-301F-11D3-BF4B-00C04F79EFBC}") = "ConfigBuilder", "04.ServiceInfra\ConfigBuilder\ConfigBuilder.csproj", "{F0509B83-3898-4F9D-A4C7-077C50836B1C}"
EndProject
Project("{FAE04EC0-301F-11D3-BF4B-00C04F79EFBC}") = "ServiceBuilder", "04.ServiceInfra\ServiceBuilder\ServiceBuilder.csproj", "{D953C778-E962-4B6D-BDBC-527975D16255}"
EndProject
Global
	GlobalSection(SolutionConfigurationPlatforms) = preSolution
		Debug|Any CPU = Debug|Any CPU
		Release|Any CPU = Release|Any CPU
	EndGlobalSection
	GlobalSection(ProjectConfigurationPlatforms) = postSolution
		{62C524BD-BE48-44B8-83C4-4EE8BB645F7A}.Debug|Any CPU.ActiveCfg = Debug|Any CPU
		{62C524BD-BE48-44B8-83C4-4EE8BB645F7A}.Debug|Any CPU.Build.0 = Debug|Any CPU
		{62C524BD-BE48-44B8-83C4-4EE8BB645F7A}.Release|Any CPU.ActiveCfg = Release|Any CPU
		{62C524BD-BE48-44B8-83C4-4EE8BB645F7A}.Release|Any CPU.Build.0 = Release|Any CPU
		{A4535323-1745-4357-8D68-59024720B7CF}.Debug|Any CPU.ActiveCfg = Debug|Any CPU
		{A4535323-1745-4357-8D68-59024720B7CF}.Debug|Any CPU.Build.0 = Debug|Any CPU
		{A4535323-1745-4357-8D68-59024720B7CF}.Release|Any CPU.ActiveCfg = Release|Any CPU
		{A4535323-1745-4357-8D68-59024720B7CF}.Release|Any CPU.Build.0 = Release|Any CPU
		{D1898DEA-EBAB-4925-929F-B2BE9A4B8589}.Debug|Any CPU.ActiveCfg = Debug|Any CPU
		{D1898DEA-EBAB-4925-929F-B2BE9A4B8589}.Debug|Any CPU.Build.0 = Debug|Any CPU
		{D1898DEA-EBAB-4925-929F-B2BE9A4B8589}.Release|Any CPU.ActiveCfg = Release|Any CPU
		{D1898DEA-EBAB-4925-929F-B2BE9A4B8589}.Release|Any CPU.Build.0 = Release|Any CPU
		{84D917A4-CBFC-4E20-AD6E-2FC33384162B}.Debug|Any CPU.ActiveCfg = Debug|Any CPU
		{84D917A4-CBFC-4E20-AD6E-2FC33384162B}.Debug|Any CPU.Build.0 = Debug|Any CPU
		{84D917A4-CBFC-4E20-AD6E-2FC33384162B}.Release|Any CPU.ActiveCfg = Release|Any CPU
		{84D917A4-CBFC-4E20-AD6E-2FC33384162B}.Release|Any CPU.Build.0 = Release|Any CPU
		{ED5BE391-37D2-4B89-861C-92EBFC259C09}.Debug|Any CPU.ActiveCfg = Debug|Any CPU
		{ED5BE391-37D2-4B89-861C-92EBFC259C09}.Debug|Any CPU.Build.0 = Debug|Any CPU
		{ED5BE391-37D2-4B89-861C-92EBFC259C09}.Release|Any CPU.ActiveCfg = Release|Any CPU
		{ED5BE391-37D2-4B89-861C-92EBFC259C09}.Release|Any CPU.Build.0 = Release|Any CPU
		{BA2583FE-F94A-4E35-860D-7CB783A52835}.Debug|Any CPU.ActiveCfg = Debug|Any CPU
		{BA2583FE-F94A-4E35-860D-7CB783A52835}.Debug|Any CPU.Build.0 = Debug|Any CPU
		{BA2583FE-F94A-4E35-860D-7CB783A52835}.Release|Any CPU.ActiveCfg = Release|Any CPU
		{BA2583FE-F94A-4E35-860D-7CB783A52835}.Release|Any CPU.Build.0 = Release|Any CPU
		{D3289D94-A57A-4ECD-85F0-F1976E1C7D55}.Debug|Any CPU.ActiveCfg = Debug|Any CPU
		{D3289D94-A57A-4ECD-85F0-F1976E1C7D55}.Debug|Any CPU.Build.0 = Debug|Any CPU
		{D3289D94-A57A-4ECD-85F0-F1976E1C7D55}.Release|Any CPU.ActiveCfg = Release|Any CPU
		{D3289D94-A57A-4ECD-85F0-F1976E1C7D55}.Release|Any CPU.Build.0 = Release|Any CPU
		{4631505D-3F17-43B0-BAC1-A1124D0E6FE2}.Debug|Any CPU.ActiveCfg = Debug|Any CPU
		{4631505D-3F17-43B0-BAC1-A1124D0E6FE2}.Debug|Any CPU.Build.0 = Debug|Any CPU
		{4631505D-3F17-43B0-BAC1-A1124D0E6FE2}.Release|Any CPU.ActiveCfg = Release|Any CPU
		{4631505D-3F17-43B0-BAC1-A1124D0E6FE2}.Release|Any CPU.Build.0 = Release|Any CPU
		{2AC47215-AE5B-4EE3-AB3E-A01F736B5B5A}.Debug|Any CPU.ActiveCfg = Debug|Any CPU
		{2AC47215-AE5B-4EE3-AB3E-A01F736B5B5A}.Debug|Any CPU.Build.0 = Debug|Any CPU
		{2AC47215-AE5B-4EE3-AB3E-A01F736B5B5A}.Release|Any CPU.ActiveCfg = Release|Any CPU
		{2AC47215-AE5B-4EE3-AB3E-A01F736B5B5A}.Release|Any CPU.Build.0 = Release|Any CPU
		{36B9018C-7287-4EC8-A1A3-D89E0300B10C}.Debug|Any CPU.ActiveCfg = Debug|Any CPU
		{36B9018C-7287-4EC8-A1A3-D89E0300B10C}.Debug|Any CPU.Build.0 = Debug|Any CPU
		{36B9018C-7287-4EC8-A1A3-D89E0300B10C}.Release|Any CPU.ActiveCfg = Release|Any CPU
		{36B9018C-7287-4EC8-A1A3-D89E0300B10C}.Release|Any CPU.Build.0 = Release|Any CPU
		{CA00A2F1-C175-4E77-BDBB-FDE00573FC02}.Debug|Any CPU.ActiveCfg = Debug|Any CPU
		{CA00A2F1-C175-4E77-BDBB-FDE00573FC02}.Debug|Any CPU.Build.0 = Debug|Any CPU
		{CA00A2F1-C175-4E77-BDBB-FDE00573FC02}.Release|Any CPU.ActiveCfg = Release|Any CPU
		{CA00A2F1-C175-4E77-BDBB-FDE00573FC02}.Release|Any CPU.Build.0 = Release|Any CPU
		{69A75793-C031-4087-A110-A742D03A86D6}.Debug|Any CPU.ActiveCfg = Debug|Any CPU
		{69A75793-C031-4087-A110-A742D03A86D6}.Debug|Any CPU.Build.0 = Debug|Any CPU
		{69A75793-C031-4087-A110-A742D03A86D6}.Release|Any CPU.ActiveCfg = Release|Any CPU
		{69A75793-C031-4087-A110-A742D03A86D6}.Release|Any CPU.Build.0 = Release|Any CPU
		{F0509B83-3898-4F9D-A4C7-077C50836B1C}.Debug|Any CPU.ActiveCfg = Debug|Any CPU
		{F0509B83-3898-4F9D-A4C7-077C50836B1C}.Debug|Any CPU.Build.0 = Debug|Any CPU
		{F0509B83-3898-4F9D-A4C7-077C50836B1C}.Release|Any CPU.ActiveCfg = Release|Any CPU
		{F0509B83-3898-4F9D-A4C7-077C50836B1C}.Release|Any CPU.Build.0 = Release|Any CPU
		{D953C778-E962-4B6D-BDBC-527975D16255}.Debug|Any CPU.ActiveCfg = Debug|Any CPU
		{D953C778-E962-4B6D-BDBC-527975D16255}.Debug|Any CPU.Build.0 = Debug|Any CPU
		{D953C778-E962-4B6D-BDBC-527975D16255}.Release|Any CPU.ActiveCfg = Release|Any CPU
		{D953C778-E962-4B6D-BDBC-527975D16255}.Release|Any CPU.Build.0 = Release|Any CPU
	EndGlobalSection
	GlobalSection(NestedProjects) = preSolution
		{62C524BD-BE48-44B8-83C4-4EE8BB645F7A} = {08476C9A-5BF6-4A3A-B25B-5FC4373CA844}
		{A4535323-1745-4357-8D68-59024720B7CF} = {08476C9A-5BF6-4A3A-B25B-5FC4373CA844}
		{4E1A9933-9294-4720-8C20-267DC56BADD1} = {A6D6BAEF-621D-4100-9DC4-6B568C1D5F4D}
		{536D67B5-8379-4A54-B582-073FBCD47BD3} = {A6D6BAEF-621D-4100-9DC4-6B568C1D5F4D}
		{D1898DEA-EBAB-4925-929F-B2BE9A4B8589} = {A66AAE92-1478-489F-ABF1-FCD637555A45}
		{84D917A4-CBFC-4E20-AD6E-2FC33384162B} = {08476C9A-5BF6-4A3A-B25B-5FC4373CA844}
		{ED5BE391-37D2-4B89-861C-92EBFC259C09} = {4E1A9933-9294-4720-8C20-267DC56BADD1}
		{BA2583FE-F94A-4E35-860D-7CB783A52835} = {4E1A9933-9294-4720-8C20-267DC56BADD1}
		{D3289D94-A57A-4ECD-85F0-F1976E1C7D55} = {4E1A9933-9294-4720-8C20-267DC56BADD1}
		{4631505D-3F17-43B0-BAC1-A1124D0E6FE2} = {4E1A9933-9294-4720-8C20-267DC56BADD1}
		{2AC47215-AE5B-4EE3-AB3E-A01F736B5B5A} = {536D67B5-8379-4A54-B582-073FBCD47BD3}
		{36B9018C-7287-4EC8-A1A3-D89E0300B10C} = {536D67B5-8379-4A54-B582-073FBCD47BD3}
		{CA00A2F1-C175-4E77-BDBB-FDE00573FC02} = {536D67B5-8379-4A54-B582-073FBCD47BD3}
		{69A75793-C031-4087-A110-A742D03A86D6} = {08476C9A-5BF6-4A3A-B25B-5FC4373CA844}
		{F0509B83-3898-4F9D-A4C7-077C50836B1C} = {28F82E89-E120-4D6D-91B9-79A512AAEC00}
		{D953C778-E962-4B6D-BDBC-527975D16255} = {28F82E89-E120-4D6D-91B9-79A512AAEC00}
	EndGlobalSection
EndGlobal
